// !$*UTF8*$!
{
	archiveVersion = 1;
	classes = {
	};
	objectVersion = 46;
	objects = {

/* Begin PBXBuildFile section */
		3A6289C81BDC32960002D64C /* SingleTrackViewController.m in Sources */ = {isa = PBXBuildFile; fileRef = 3A6289C71BDC32960002D64C /* SingleTrackViewController.m */; };
		3A7C53341BDC719200F6A2BF /* pause.png in Resources */ = {isa = PBXBuildFile; fileRef = 3A7C53321BDC719200F6A2BF /* pause.png */; };
		3A7C53351BDC719200F6A2BF /* play.png in Resources */ = {isa = PBXBuildFile; fileRef = 3A7C53331BDC719200F6A2BF /* play.png */; };
		3A7D01681BDD528C004BEAE4 /* LaunchScreen.storyboard in Resources */ = {isa = PBXBuildFile; fileRef = 3A7D01661BDD528C004BEAE4 /* LaunchScreen.storyboard */; };
		3ACC55771BDC418000B7E2C3 /* ThumbnailDetailView.m in Sources */ = {isa = PBXBuildFile; fileRef = 3ACC55761BDC418000B7E2C3 /* ThumbnailDetailView.m */; };
		3ACFBB381BDC53B3001310DE /* clock.png in Resources */ = {isa = PBXBuildFile; fileRef = 3ACFBB371BDC53B3001310DE /* clock.png */; };
		3AEAD01B1BDA9FE100885B36 /* main.m in Sources */ = {isa = PBXBuildFile; fileRef = 3AEAD01A1BDA9FE100885B36 /* main.m */; };
		3AEAD01E1BDA9FE100885B36 /* AppDelegate.m in Sources */ = {isa = PBXBuildFile; fileRef = 3AEAD01D1BDA9FE100885B36 /* AppDelegate.m */; };
		3AEAD0211BDA9FE100885B36 /* TracksCollectionViewController.m in Sources */ = {isa = PBXBuildFile; fileRef = 3AEAD0201BDA9FE100885B36 /* TracksCollectionViewController.m */; };
		3AEAD0261BDA9FE100885B36 /* Assets.xcassets in Resources */ = {isa = PBXBuildFile; fileRef = 3AEAD0251BDA9FE100885B36 /* Assets.xcassets */; };
		3AEAD0341BDA9FE100885B36 /* MoodsicTests.m in Sources */ = {isa = PBXBuildFile; fileRef = 3AEAD0331BDA9FE100885B36 /* MoodsicTests.m */; };
		3AEAD0431BDAA8C200885B36 /* RSSFeed.m in Sources */ = {isa = PBXBuildFile; fileRef = 3AEAD0421BDAA8C200885B36 /* RSSFeed.m */; };
		3AEAD0481BDAACD800885B36 /* Utils.m in Sources */ = {isa = PBXBuildFile; fileRef = 3AEAD0471BDAACD800885B36 /* Utils.m */; };
		3AEAD04A1BDABB4500885B36 /* TrackCell.m in Sources */ = {isa = PBXBuildFile; fileRef = 3AEAD0491BDABB4500885B36 /* TrackCell.m */; };
		3AEAD04F1BDABFBC00885B36 /* Track.m in Sources */ = {isa = PBXBuildFile; fileRef = 3AEAD04E1BDABFBC00885B36 /* Track.m */; };
/* End PBXBuildFile section */

/* Begin PBXContainerItemProxy section */
		3AEAD0301BDA9FE100885B36 /* PBXContainerItemProxy */ = {
			isa = PBXContainerItemProxy;
			containerPortal = 3AEAD00E1BDA9FE100885B36 /* Project object */;
			proxyType = 1;
			remoteGlobalIDString = 3AEAD0151BDA9FE100885B36;
			remoteInfo = Moodsic;
		};
/* End PBXContainerItemProxy section */

/* Begin PBXFileReference section */
		3A6289C61BDC32960002D64C /* SingleTrackViewController.h */ = {isa = PBXFileReference; fileEncoding = 4; lastKnownFileType = sourcecode.c.h; path = SingleTrackViewController.h; sourceTree = "<group>"; };
		3A6289C71BDC32960002D64C /* SingleTrackViewController.m */ = {isa = PBXFileReference; fileEncoding = 4; lastKnownFileType = sourcecode.c.objc; path = SingleTrackViewController.m; sourceTree = "<group>"; };
		3A7C53321BDC719200F6A2BF /* pause.png */ = {isa = PBXFileReference; lastKnownFileType = image.png; path = pause.png; sourceTree = "<group>"; };
		3A7C53331BDC719200F6A2BF /* play.png */ = {isa = PBXFileReference; lastKnownFileType = image.png; path = play.png; sourceTree = "<group>"; };
		3A7D01671BDD528C004BEAE4 /* Base */ = {isa = PBXFileReference; lastKnownFileType = file.storyboard; name = Base; path = Base.lproj/LaunchScreen.storyboard; sourceTree = "<group>"; };
		3ACC55751BDC418000B7E2C3 /* ThumbnailDetailView.h */ = {isa = PBXFileReference; fileEncoding = 4; lastKnownFileType = sourcecode.c.h; path = ThumbnailDetailView.h; sourceTree = "<group>"; };
		3ACC55761BDC418000B7E2C3 /* ThumbnailDetailView.m */ = {isa = PBXFileReference; fileEncoding = 4; lastKnownFileType = sourcecode.c.objc; path = ThumbnailDetailView.m; sourceTree = "<group>"; };
		3ACFBB371BDC53B3001310DE /* clock.png */ = {isa = PBXFileReference; lastKnownFileType = image.png; path = clock.png; sourceTree = "<group>"; };
		3AEAD0161BDA9FE100885B36 /* Moodsic.app */ = {isa = PBXFileReference; explicitFileType = wrapper.application; includeInIndex = 0; path = Moodsic.app; sourceTree = BUILT_PRODUCTS_DIR; };
		3AEAD01A1BDA9FE100885B36 /* main.m */ = {isa = PBXFileReference; lastKnownFileType = sourcecode.c.objc; path = main.m; sourceTree = "<group>"; };
		3AEAD01C1BDA9FE100885B36 /* AppDelegate.h */ = {isa = PBXFileReference; lastKnownFileType = sourcecode.c.h; path = AppDelegate.h; sourceTree = "<group>"; };
		3AEAD01D1BDA9FE100885B36 /* AppDelegate.m */ = {isa = PBXFileReference; lastKnownFileType = sourcecode.c.objc; path = AppDelegate.m; sourceTree = "<group>"; };
		3AEAD01F1BDA9FE100885B36 /* TracksCollectionViewController.h */ = {isa = PBXFileReference; lastKnownFileType = sourcecode.c.h; path = TracksCollectionViewController.h; sourceTree = "<group>"; };
		3AEAD0201BDA9FE100885B36 /* TracksCollectionViewController.m */ = {isa = PBXFileReference; lastKnownFileType = sourcecode.c.objc; path = TracksCollectionViewController.m; sourceTree = "<group>"; };
		3AEAD0251BDA9FE100885B36 /* Assets.xcassets */ = {isa = PBXFileReference; lastKnownFileType = folder.assetcatalog; path = Assets.xcassets; sourceTree = "<group>"; };
		3AEAD02A1BDA9FE100885B36 /* Info.plist */ = {isa = PBXFileReference; lastKnownFileType = text.plist.xml; path = Info.plist; sourceTree = "<group>"; };
		3AEAD02F1BDA9FE100885B36 /* MoodsicTests.xctest */ = {isa = PBXFileReference; explicitFileType = wrapper.cfbundle; includeInIndex = 0; path = MoodsicTests.xctest; sourceTree = BUILT_PRODUCTS_DIR; };
		3AEAD0331BDA9FE100885B36 /* MoodsicTests.m */ = {isa = PBXFileReference; lastKnownFileType = sourcecode.c.objc; path = MoodsicTests.m; sourceTree = "<group>"; };
		3AEAD0351BDA9FE100885B36 /* Info.plist */ = {isa = PBXFileReference; lastKnownFileType = text.plist.xml; path = Info.plist; sourceTree = "<group>"; };
		3AEAD0421BDAA8C200885B36 /* RSSFeed.m */ = {isa = PBXFileReference; fileEncoding = 4; lastKnownFileType = sourcecode.c.objc; path = RSSFeed.m; sourceTree = "<group>"; };
		3AEAD0441BDAA8D200885B36 /* RSSFeed.h */ = {isa = PBXFileReference; lastKnownFileType = sourcecode.c.h; path = RSSFeed.h; sourceTree = "<group>"; };
		3AEAD0461BDAACCD00885B36 /* Utils.h */ = {isa = PBXFileReference; lastKnownFileType = sourcecode.c.h; path = Utils.h; sourceTree = "<group>"; };
		3AEAD0471BDAACD800885B36 /* Utils.m */ = {isa = PBXFileReference; fileEncoding = 4; lastKnownFileType = sourcecode.c.objc; path = Utils.m; sourceTree = "<group>"; };
		3AEAD0491BDABB4500885B36 /* TrackCell.m */ = {isa = PBXFileReference; fileEncoding = 4; lastKnownFileType = sourcecode.c.objc; path = TrackCell.m; sourceTree = "<group>"; };
		3AEAD04B1BDABB5000885B36 /* TrackCell.h */ = {isa = PBXFileReference; lastKnownFileType = sourcecode.c.h; path = TrackCell.h; sourceTree = "<group>"; };
		3AEAD04D1BDABFB000885B36 /* Track.h */ = {isa = PBXFileReference; lastKnownFileType = sourcecode.c.h; path = Track.h; sourceTree = "<group>"; };
		3AEAD04E1BDABFBC00885B36 /* Track.m */ = {isa = PBXFileReference; fileEncoding = 4; lastKnownFileType = sourcecode.c.objc; path = Track.m; sourceTree = "<group>"; };
/* End PBXFileReference section */

/* Begin PBXFrameworksBuildPhase section */
		3AEAD0131BDA9FE100885B36 /* Frameworks */ = {
			isa = PBXFrameworksBuildPhase;
			buildActionMask = 2147483647;
			files = (
			);
			runOnlyForDeploymentPostprocessing = 0;
		};
		3AEAD02C1BDA9FE100885B36 /* Frameworks */ = {
			isa = PBXFrameworksBuildPhase;
			buildActionMask = 2147483647;
			files = (
			);
			runOnlyForDeploymentPostprocessing = 0;
		};
/* End PBXFrameworksBuildPhase section */

/* Begin PBXGroup section */
		3ACFBB361BDC5385001310DE /* Images */ = {
			isa = PBXGroup;
			children = (
				3A7C53321BDC719200F6A2BF /* pause.png */,
				3A7C53331BDC719200F6A2BF /* play.png */,
				3ACFBB371BDC53B3001310DE /* clock.png */,
			);
			name = Images;
			sourceTree = "<group>";
		};
		3AEAD00D1BDA9FE100885B36 = {
			isa = PBXGroup;
			children = (
				3AEAD0181BDA9FE100885B36 /* Moodsic */,
				3AEAD0321BDA9FE100885B36 /* MoodsicTests */,
				3AEAD0171BDA9FE100885B36 /* Products */,
			);
			sourceTree = "<group>";
		};
		3AEAD0171BDA9FE100885B36 /* Products */ = {
			isa = PBXGroup;
			children = (
				3AEAD0161BDA9FE100885B36 /* Moodsic.app */,
				3AEAD02F1BDA9FE100885B36 /* MoodsicTests.xctest */,
			);
			name = Products;
			sourceTree = "<group>";
		};
		3AEAD0181BDA9FE100885B36 /* Moodsic */ = {
			isa = PBXGroup;
			children = (
				3ACFBB361BDC5385001310DE /* Images */,
				3AEAD0451BDAAC7D00885B36 /* Utility */,
				3AEAD03F1BDAA42300885B36 /* Views */,
				3AEAD0401BDAA42900885B36 /* Cells */,
				3AEAD03E1BDAA41D00885B36 /* API */,
				3AEAD01C1BDA9FE100885B36 /* AppDelegate.h */,
				3AEAD01D1BDA9FE100885B36 /* AppDelegate.m */,
				3A7D01661BDD528C004BEAE4 /* LaunchScreen.storyboard */,
				3AEAD0251BDA9FE100885B36 /* Assets.xcassets */,
				3AEAD02A1BDA9FE100885B36 /* Info.plist */,
				3AEAD0191BDA9FE100885B36 /* Supporting Files */,
			);
			path = Moodsic;
			sourceTree = "<group>";
		};
		3AEAD0191BDA9FE100885B36 /* Supporting Files */ = {
			isa = PBXGroup;
			children = (
				3AEAD01A1BDA9FE100885B36 /* main.m */,
			);
			name = "Supporting Files";
			sourceTree = "<group>";
		};
		3AEAD0321BDA9FE100885B36 /* MoodsicTests */ = {
			isa = PBXGroup;
			children = (
				3AEAD0331BDA9FE100885B36 /* MoodsicTests.m */,
				3AEAD0351BDA9FE100885B36 /* Info.plist */,
			);
			path = MoodsicTests;
			sourceTree = "<group>";
		};
		3AEAD03E1BDAA41D00885B36 /* API */ = {
			isa = PBXGroup;
			children = (
				3AEAD0441BDAA8D200885B36 /* RSSFeed.h */,
				3AEAD0421BDAA8C200885B36 /* RSSFeed.m */,
				3AEAD04D1BDABFB000885B36 /* Track.h */,
				3AEAD04E1BDABFBC00885B36 /* Track.m */,
			);
			name = API;
			sourceTree = "<group>";
		};
		3AEAD03F1BDAA42300885B36 /* Views */ = {
			isa = PBXGroup;
			children = (
				3AEAD01F1BDA9FE100885B36 /* TracksCollectionViewController.h */,
				3AEAD0201BDA9FE100885B36 /* TracksCollectionViewController.m */,
				3A6289C61BDC32960002D64C /* SingleTrackViewController.h */,
				3A6289C71BDC32960002D64C /* SingleTrackViewController.m */,
				3ACC55751BDC418000B7E2C3 /* ThumbnailDetailView.h */,
				3ACC55761BDC418000B7E2C3 /* ThumbnailDetailView.m */,
			);
			name = Views;
			sourceTree = "<group>";
		};
		3AEAD0401BDAA42900885B36 /* Cells */ = {
			isa = PBXGroup;
			children = (
				3AEAD04B1BDABB5000885B36 /* TrackCell.h */,
				3AEAD0491BDABB4500885B36 /* TrackCell.m */,
			);
			name = Cells;
			sourceTree = "<group>";
		};
		3AEAD0451BDAAC7D00885B36 /* Utility */ = {
			isa = PBXGroup;
			children = (
				3AEAD0461BDAACCD00885B36 /* Utils.h */,
				3AEAD0471BDAACD800885B36 /* Utils.m */,
			);
			name = Utility;
			sourceTree = "<group>";
		};
/* End PBXGroup section */

/* Begin PBXNativeTarget section */
		3AEAD0151BDA9FE100885B36 /* Moodsic */ = {
			isa = PBXNativeTarget;
			buildConfigurationList = 3AEAD0381BDA9FE100885B36 /* Build configuration list for PBXNativeTarget "Moodsic" */;
			buildPhases = (
				3AEAD0121BDA9FE100885B36 /* Sources */,
				3AEAD0131BDA9FE100885B36 /* Frameworks */,
				3AEAD0141BDA9FE100885B36 /* Resources */,
			);
			buildRules = (
			);
			dependencies = (
			);
			name = Moodsic;
			productName = Moodsic;
			productReference = 3AEAD0161BDA9FE100885B36 /* Moodsic.app */;
			productType = "com.apple.product-type.application";
		};
		3AEAD02E1BDA9FE100885B36 /* MoodsicTests */ = {
			isa = PBXNativeTarget;
			buildConfigurationList = 3AEAD03B1BDA9FE100885B36 /* Build configuration list for PBXNativeTarget "MoodsicTests" */;
			buildPhases = (
				3AEAD02B1BDA9FE100885B36 /* Sources */,
				3AEAD02C1BDA9FE100885B36 /* Frameworks */,
				3AEAD02D1BDA9FE100885B36 /* Resources */,
			);
			buildRules = (
			);
			dependencies = (
				3AEAD0311BDA9FE100885B36 /* PBXTargetDependency */,
			);
			name = MoodsicTests;
			productName = MoodsicTests;
			productReference = 3AEAD02F1BDA9FE100885B36 /* MoodsicTests.xctest */;
			productType = "com.apple.product-type.bundle.unit-test";
		};
/* End PBXNativeTarget section */

/* Begin PBXProject section */
		3AEAD00E1BDA9FE100885B36 /* Project object */ = {
			isa = PBXProject;
			attributes = {
				LastUpgradeCheck = 0700;
				ORGANIZATIONNAME = geneyoo;
				TargetAttributes = {
					3AEAD0151BDA9FE100885B36 = {
						CreatedOnToolsVersion = 7.0;
					};
					3AEAD02E1BDA9FE100885B36 = {
						CreatedOnToolsVersion = 7.0;
						TestTargetID = 3AEAD0151BDA9FE100885B36;
					};
				};
			};
			buildConfigurationList = 3AEAD0111BDA9FE100885B36 /* Build configuration list for PBXProject "Moodsic" */;
			compatibilityVersion = "Xcode 3.2";
			developmentRegion = English;
			hasScannedForEncodings = 0;
			knownRegions = (
				en,
				Base,
			);
			mainGroup = 3AEAD00D1BDA9FE100885B36;
			productRefGroup = 3AEAD0171BDA9FE100885B36 /* Products */;
			projectDirPath = "";
			projectRoot = "";
			targets = (
				3AEAD0151BDA9FE100885B36 /* Moodsic */,
				3AEAD02E1BDA9FE100885B36 /* MoodsicTests */,
			);
		};
/* End PBXProject section */

/* Begin PBXResourcesBuildPhase section */
		3AEAD0141BDA9FE100885B36 /* Resources */ = {
			isa = PBXResourcesBuildPhase;
			buildActionMask = 2147483647;
			files = (
				3ACFBB381BDC53B3001310DE /* clock.png in Resources */,
				3A7C53351BDC719200F6A2BF /* play.png in Resources */,
				3A7C53341BDC719200F6A2BF /* pause.png in Resources */,
				3A7D01681BDD528C004BEAE4 /* LaunchScreen.storyboard in Resources */,
				3AEAD0261BDA9FE100885B36 /* Assets.xcassets in Resources */,
			);
			runOnlyForDeploymentPostprocessing = 0;
		};
		3AEAD02D1BDA9FE100885B36 /* Resources */ = {
			isa = PBXResourcesBuildPhase;
			buildActionMask = 2147483647;
			files = (
			);
			runOnlyForDeploymentPostprocessing = 0;
		};
/* End PBXResourcesBuildPhase section */

/* Begin PBXSourcesBuildPhase section */
		3AEAD0121BDA9FE100885B36 /* Sources */ = {
			isa = PBXSourcesBuildPhase;
			buildActionMask = 2147483647;
			files = (
				3AEAD04F1BDABFBC00885B36 /* Track.m in Sources */,
				3AEAD0431BDAA8C200885B36 /* RSSFeed.m in Sources */,
				3AEAD0211BDA9FE100885B36 /* TracksCollectionViewController.m in Sources */,
				3AEAD01E1BDA9FE100885B36 /* AppDelegate.m in Sources */,
				3A6289C81BDC32960002D64C /* SingleTrackViewController.m in Sources */,
				3ACC55771BDC418000B7E2C3 /* ThumbnailDetailView.m in Sources */,
				3AEAD0481BDAACD800885B36 /* Utils.m in Sources */,
				3AEAD01B1BDA9FE100885B36 /* main.m in Sources */,
				3AEAD04A1BDABB4500885B36 /* TrackCell.m in Sources */,
			);
			runOnlyForDeploymentPostprocessing = 0;
		};
		3AEAD02B1BDA9FE100885B36 /* Sources */ = {
			isa = PBXSourcesBuildPhase;
			buildActionMask = 2147483647;
			files = (
				3AEAD0341BDA9FE100885B36 /* MoodsicTests.m in Sources */,
			);
			runOnlyForDeploymentPostprocessing = 0;
		};
/* End PBXSourcesBuildPhase section */

/* Begin PBXTargetDependency section */
		3AEAD0311BDA9FE100885B36 /* PBXTargetDependency */ = {
			isa = PBXTargetDependency;
			target = 3AEAD0151BDA9FE100885B36 /* Moodsic */;
			targetProxy = 3AEAD0301BDA9FE100885B36 /* PBXContainerItemProxy */;
		};
/* End PBXTargetDependency section */

/* Begin PBXVariantGroup section */
		3A7D01661BDD528C004BEAE4 /* LaunchScreen.storyboard */ = {
			isa = PBXVariantGroup;
			children = (
				3A7D01671BDD528C004BEAE4 /* Base */,
			);
			name = LaunchScreen.storyboard;
			sourceTree = "<group>";
		};
/* End PBXVariantGroup section */

/* Begin XCBuildConfiguration section */
		3AEAD0361BDA9FE100885B36 /* Debug */ = {
			isa = XCBuildConfiguration;
			buildSettings = {
				ALWAYS_SEARCH_USER_PATHS = NO;
				CLANG_CXX_LANGUAGE_STANDARD = "gnu++0x";
				CLANG_CXX_LIBRARY = "libc++";
				CLANG_ENABLE_MODULES = YES;
				CLANG_ENABLE_OBJC_ARC = YES;
				CLANG_WARN_BOOL_CONVERSION = YES;
				CLANG_WARN_CONSTANT_CONVERSION = YES;
				CLANG_WARN_DIRECT_OBJC_ISA_USAGE = YES_ERROR;
				CLANG_WARN_EMPTY_BODY = YES;
				CLANG_WARN_ENUM_CONVERSION = YES;
				CLANG_WARN_INT_CONVERSION = YES;
				CLANG_WARN_OBJC_ROOT_CLASS = YES_ERROR;
				CLANG_WARN_UNREACHABLE_CODE = YES;
				CLANG_WARN__DUPLICATE_METHOD_MATCH = YES;
				"CODE_SIGN_IDENTITY[sdk=iphoneos*]" = "iPhone Developer";
				COPY_PHASE_STRIP = NO;
				DEBUG_INFORMATION_FORMAT = dwarf;
				ENABLE_STRICT_OBJC_MSGSEND = YES;
				ENABLE_TESTABILITY = YES;
				GCC_C_LANGUAGE_STANDARD = gnu99;
				GCC_DYNAMIC_NO_PIC = NO;
				GCC_NO_COMMON_BLOCKS = YES;
				GCC_OPTIMIZATION_LEVEL = 0;
				GCC_PREPROCESSOR_DEFINITIONS = (
					"DEBUG=1",
					"$(inherited)",
				);
				GCC_WARN_64_TO_32_BIT_CONVERSION = YES;
				GCC_WARN_ABOUT_RETURN_TYPE = YES_ERROR;
				GCC_WARN_UNDECLARED_SELECTOR = YES;
				GCC_WARN_UNINITIALIZED_AUTOS = YES_AGGRESSIVE;
				GCC_WARN_UNUSED_FUNCTION = YES;
				GCC_WARN_UNUSED_VARIABLE = YES;
				IPHONEOS_DEPLOYMENT_TARGET = 9.0;
				MTL_ENABLE_DEBUG_INFO = YES;
				ONLY_ACTIVE_ARCH = YES;
				SDKROOT = iphoneos;
			};
			name = Debug;
		};
		3AEAD0371BDA9FE100885B36 /* Release */ = {
			isa = XCBuildConfiguration;
			buildSettings = {
				ALWAYS_SEARCH_USER_PATHS = NO;
				CLANG_CXX_LANGUAGE_STANDARD = "gnu++0x";
				CLANG_CXX_LIBRARY = "libc++";
				CLANG_ENABLE_MODULES = YES;
				CLANG_ENABLE_OBJC_ARC = YES;
				CLANG_WARN_BOOL_CONVERSION = YES;
				CLANG_WARN_CONSTANT_CONVERSION = YES;
				CLANG_WARN_DIRECT_OBJC_ISA_USAGE = YES_ERROR;
				CLANG_WARN_EMPTY_BODY = YES;
				CLANG_WARN_ENUM_CONVERSION = YES;
				CLANG_WARN_INT_CONVERSION = YES;
				CLANG_WARN_OBJC_ROOT_CLASS = YES_ERROR;
				CLANG_WARN_UNREACHABLE_CODE = YES;
				CLANG_WARN__DUPLICATE_METHOD_MATCH = YES;
				"CODE_SIGN_IDENTITY[sdk=iphoneos*]" = "iPhone Developer";
				COPY_PHASE_STRIP = NO;
				DEBUG_INFORMATION_FORMAT = "dwarf-with-dsym";
				ENABLE_NS_ASSERTIONS = NO;
				ENABLE_STRICT_OBJC_MSGSEND = YES;
				GCC_C_LANGUAGE_STANDARD = gnu99;
				GCC_NO_COMMON_BLOCKS = YES;
				GCC_WARN_64_TO_32_BIT_CONVERSION = YES;
				GCC_WARN_ABOUT_RETURN_TYPE = YES_ERROR;
				GCC_WARN_UNDECLARED_SELECTOR = YES;
				GCC_WARN_UNINITIALIZED_AUTOS = YES_AGGRESSIVE;
				GCC_WARN_UNUSED_FUNCTION = YES;
				GCC_WARN_UNUSED_VARIABLE = YES;
				IPHONEOS_DEPLOYMENT_TARGET = 9.0;
				MTL_ENABLE_DEBUG_INFO = NO;
				SDKROOT = iphoneos;
				VALIDATE_PRODUCT = YES;
			};
			name = Release;
		};
		3AEAD0391BDA9FE100885B36 /* Debug */ = {
			isa = XCBuildConfiguration;
			buildSettings = {
				ASSETCATALOG_COMPILER_APPICON_NAME = AppIcon;
				INFOPLIST_FILE = Moodsic/Info.plist;
				LD_RUNPATH_SEARCH_PATHS = "$(inherited) @executable_path/Frameworks";
				PRODUCT_BUNDLE_IDENTIFIER = geneyoo.Moodsic;
				PRODUCT_NAME = "$(TARGET_NAME)";
			};
			name = Debug;
		};
		3AEAD03A1BDA9FE100885B36 /* Release */ = {
			isa = XCBuildConfiguration;
			buildSettings = {
				ASSETCATALOG_COMPILER_APPICON_NAME = AppIcon;
				INFOPLIST_FILE = Moodsic/Info.plist;
				LD_RUNPATH_SEARCH_PATHS = "$(inherited) @executable_path/Frameworks";
				PRODUCT_BUNDLE_IDENTIFIER = geneyoo.Moodsic;
				PRODUCT_NAME = "$(TARGET_NAME)";
			};
			name = Release;
		};
		3AEAD03C1BDA9FE100885B36 /* Debug */ = {
			isa = XCBuildConfiguration;
			buildSettings = {
				BUNDLE_LOADER = "$(TEST_HOST)";
				INFOPLIST_FILE = MoodsicTests/Info.plist;
				LD_RUNPATH_SEARCH_PATHS = "$(inherited) @executable_path/Frameworks @loader_path/Frameworks";
				PRODUCT_BUNDLE_IDENTIFIER = geneyoo.MoodsicTests;
				PRODUCT_NAME = "$(TARGET_NAME)";
				TEST_HOST = "$(BUILT_PRODUCTS_DIR)/Moodsic.app/Moodsic";
			};
			name = Debug;
		};
		3AEAD03D1BDA9FE100885B36 /* Release */ = {
			isa = XCBuildConfiguration;
			buildSettings = {
				BUNDLE_LOADER = "$(TEST_HOST)";
				INFOPLIST_FILE = MoodsicTests/Info.plist;
				LD_RUNPATH_SEARCH_PATHS = "$(inherited) @executable_path/Frameworks @loader_path/Frameworks";
				PRODUCT_BUNDLE_IDENTIFIER = geneyoo.MoodsicTests;
				PRODUCT_NAME = "$(TARGET_NAME)";
				TEST_HOST = "$(BUILT_PRODUCTS_DIR)/Moodsic.app/Moodsic";
			};
			name = Release;
		};
/* End XCBuildConfiguration section */

/* Begin XCConfigurationList section */
		3AEAD0111BDA9FE100885B36 /* Build configuration list for PBXProject "Moodsic" */ = {
			isa = XCConfigurationList;
			buildConfigurations = (
				3AEAD0361BDA9FE100885B36 /* Debug */,
				3AEAD0371BDA9FE100885B36 /* Release */,
			);
			defaultConfigurationIsVisible = 0;
			defaultConfigurationName = Release;
		};
		3AEAD0381BDA9FE100885B36 /* Build configuration list for PBXNativeTarget "Moodsic" */ = {
			isa = XCConfigurationList;
			buildConfigurations = (
				3AEAD0391BDA9FE100885B36 /* Debug */,
				3AEAD03A1BDA9FE100885B36 /* Release */,
			);
			defaultConfigurationIsVisible = 0;
			defaultConfigurationName = Release;
		};
		3AEAD03B1BDA9FE100885B36 /* Build configuration list for PBXNativeTarget "MoodsicTests" */ = {
			isa = XCConfigurationList;
			buildConfigurations = (
				3AEAD03C1BDA9FE100885B36 /* Debug */,
				3AEAD03D1BDA9FE100885B36 /* Release */,
			);
			defaultConfigurationIsVisible = 0;
			defaultConfigurationName = Release;
		};
/* End XCConfigurationList section */
	};
	rootObject = 3AEAD00E1BDA9FE100885B36 /* Project object */;
}
